// !$*UTF8*$!
{
	archiveVersion = 1;
	classes = {
	};
	objectVersion = 46;
	objects = {

/* Begin PBXBuildFile section */
		CEC2497A1719DDD3007C30AF /* MutableArrray.m in Sources */ = {isa = PBXBuildFile; fileRef = CEC249791719DDD3007C30AF /* MutableArrray.m */; };
		EE17450F1719F2A700813F5E /* fright-clean.png in Resources */ = {isa = PBXBuildFile; fileRef = EE1745071719F2A700813F5E /* fright-clean.png */; };
		EE1745101719F2A700813F5E /* fright-dirty.png in Resources */ = {isa = PBXBuildFile; fileRef = EE1745081719F2A700813F5E /* fright-dirty.png */; };
		EE1745121719F2A700813F5E /* normal-clean.png in Resources */ = {isa = PBXBuildFile; fileRef = EE17450A1719F2A700813F5E /* normal-clean.png */; };
		EE1745131719F2A700813F5E /* normal-dirty.png in Resources */ = {isa = PBXBuildFile; fileRef = EE17450B1719F2A700813F5E /* normal-dirty.png */; };
		EE1745141719F2A700813F5E /* sad-dirty.png in Resources */ = {isa = PBXBuildFile; fileRef = EE17450C1719F2A700813F5E /* sad-dirty.png */; };
		EE1745151719F2A700813F5E /* sad.png in Resources */ = {isa = PBXBuildFile; fileRef = EE17450D1719F2A700813F5E /* sad.png */; };
		EE1745161719F2A700813F5E /* smile.png in Resources */ = {isa = PBXBuildFile; fileRef = EE17450E1719F2A700813F5E /* smile.png */; };
		EE17451F171A006F00813F5E /* bored.png in Resources */ = {isa = PBXBuildFile; fileRef = EE174518171A006F00813F5E /* bored.png */; };
		EE174520171A006F00813F5E /* disgust.png in Resources */ = {isa = PBXBuildFile; fileRef = EE174519171A006F00813F5E /* disgust.png */; };
		EE174522171A006F00813F5E /* interested.png in Resources */ = {isa = PBXBuildFile; fileRef = EE17451B171A006F00813F5E /* interested.png */; };
		EE174523171A006F00813F5E /* neutral.jpg in Resources */ = {isa = PBXBuildFile; fileRef = EE17451C171A006F00813F5E /* neutral.jpg */; };
		EE174524171A006F00813F5E /* surprise.png in Resources */ = {isa = PBXBuildFile; fileRef = EE17451D171A006F00813F5E /* surprise.png */; };
		EE174525171A006F00813F5E /* test-oval.jpg in Resources */ = {isa = PBXBuildFile; fileRef = EE17451E171A006F00813F5E /* test-oval.jpg */; };
		EEC3F39C1719416D00457687 /* UIKit.framework in Frameworks */ = {isa = PBXBuildFile; fileRef = EEC3F39B1719416D00457687 /* UIKit.framework */; };
		EEC3F39E1719416D00457687 /* Foundation.framework in Frameworks */ = {isa = PBXBuildFile; fileRef = EEC3F39D1719416D00457687 /* Foundation.framework */; };
		EEC3F3A01719416D00457687 /* CoreGraphics.framework in Frameworks */ = {isa = PBXBuildFile; fileRef = EEC3F39F1719416D00457687 /* CoreGraphics.framework */; };
		EEC3F3A61719416D00457687 /* InfoPlist.strings in Resources */ = {isa = PBXBuildFile; fileRef = EEC3F3A41719416D00457687 /* InfoPlist.strings */; };
		EEC3F3A81719416D00457687 /* main.m in Sources */ = {isa = PBXBuildFile; fileRef = EEC3F3A71719416D00457687 /* main.m */; };
		EEC3F3AC1719416D00457687 /* AppDelegate.m in Sources */ = {isa = PBXBuildFile; fileRef = EEC3F3AB1719416D00457687 /* AppDelegate.m */; };
		EEC3F3AE1719416D00457687 /* Default.png in Resources */ = {isa = PBXBuildFile; fileRef = EEC3F3AD1719416D00457687 /* Default.png */; };
		EEC3F3B01719416D00457687 /* Default@2x.png in Resources */ = {isa = PBXBuildFile; fileRef = EEC3F3AF1719416D00457687 /* Default@2x.png */; };
		EEC3F3B21719416D00457687 /* Default-568h@2x.png in Resources */ = {isa = PBXBuildFile; fileRef = EEC3F3B11719416D00457687 /* Default-568h@2x.png */; };
		EEC3F3B51719416D00457687 /* ViewController.m in Sources */ = {isa = PBXBuildFile; fileRef = EEC3F3B41719416D00457687 /* ViewController.m */; };
		EEC3F3B81719416D00457687 /* ViewController.xib in Resources */ = {isa = PBXBuildFile; fileRef = EEC3F3B61719416D00457687 /* ViewController.xib */; };
		EEC3F3C11719434F00457687 /* HomeVC.m in Sources */ = {isa = PBXBuildFile; fileRef = EEC3F3BF1719434F00457687 /* HomeVC.m */; };
		EEC3F3C21719434F00457687 /* HomeVC.xib in Resources */ = {isa = PBXBuildFile; fileRef = EEC3F3C01719434F00457687 /* HomeVC.xib */; };
		EEC3F3C51719473200457687 /* home.jpg in Resources */ = {isa = PBXBuildFile; fileRef = EEC3F3C41719473200457687 /* home.jpg */; };
		EEC3F3C71719474200457687 /* cafe.jpg in Resources */ = {isa = PBXBuildFile; fileRef = EEC3F3C61719474200457687 /* cafe.jpg */; };
		EEC3F3CB1719476900457687 /* CafeVC.m in Sources */ = {isa = PBXBuildFile; fileRef = EEC3F3C91719476900457687 /* CafeVC.m */; };
		EEC3F3CC1719476900457687 /* CafeVC.xib in Resources */ = {isa = PBXBuildFile; fileRef = EEC3F3CA1719476900457687 /* CafeVC.xib */; };
		EEC3F3D01719482900457687 /* BackgroundVC.m in Sources */ = {isa = PBXBuildFile; fileRef = EEC3F3CE1719482900457687 /* BackgroundVC.m */; };
		EEC3F3D11719482900457687 /* BackgroundVC.xib in Resources */ = {isa = PBXBuildFile; fileRef = EEC3F3CF1719482900457687 /* BackgroundVC.xib */; };
		EEC3F3DA17195D5900457687 /* NSString+MD5.m in Sources */ = {isa = PBXBuildFile; fileRef = EEC3F3D317195D5200457687 /* NSString+MD5.m */; };
		EEC3F3DB17195D5900457687 /* PDFView.m in Sources */ = {isa = PBXBuildFile; fileRef = EEC3F3D517195D5400457687 /* PDFView.m */; };
		EEC3F3DC17195D5900457687 /* UIImage+PDF.m in Sources */ = {isa = PBXBuildFile; fileRef = EEC3F3D717195D5600457687 /* UIImage+PDF.m */; };
		EEC3F3DD17195D5900457687 /* UIView+Image.m in Sources */ = {isa = PBXBuildFile; fileRef = EEC3F3D917195D5800457687 /* UIView+Image.m */; };
		EEC3F3E41719623900457687 /* Utilities.m in Sources */ = {isa = PBXBuildFile; fileRef = EEC3F3E31719623900457687 /* Utilities.m */; };
		EEC3F3E61719625B00457687 /* AudioToolbox.framework in Frameworks */ = {isa = PBXBuildFile; fileRef = EEC3F3E51719625A00457687 /* AudioToolbox.framework */; };
		EEC3F3E91719639600457687 /* OhYeah.aiff in Resources */ = {isa = PBXBuildFile; fileRef = EEC3F3E81719639600457687 /* OhYeah.aiff */; };
		EEC3F3ED1719695300457687 /* CharacterVC.m in Sources */ = {isa = PBXBuildFile; fileRef = EEC3F3EB1719695200457687 /* CharacterVC.m */; };
		EEC3F3EE1719695300457687 /* CharacterVC.xib in Resources */ = {isa = PBXBuildFile; fileRef = EEC3F3EC1719695200457687 /* CharacterVC.xib */; };
		EEC3F3F017196ABC00457687 /* disgust.png in Resources */ = {isa = PBXBuildFile; fileRef = EEC3F3EF17196ABC00457687 /* disgust.png */; };
		EEC3F3F417196F6900457687 /* oval.jpg in Resources */ = {isa = PBXBuildFile; fileRef = EEC3F3F317196F6900457687 /* oval.jpg */; };
		EEC3F3F6171970BE00457687 /* dude.jpg in Resources */ = {isa = PBXBuildFile; fileRef = EEC3F3F5171970BE00457687 /* dude.jpg */; };
		EEC3F3F91719DA3900457687 /* DialogueManager.m in Sources */ = {isa = PBXBuildFile; fileRef = EEC3F3F81719DA3800457687 /* DialogueManager.m */; };
		EEC3F3FC1719E1D700457687 /* ArrayTableViewPopoverVC.m in Sources */ = {isa = PBXBuildFile; fileRef = EEC3F3FB1719E1D600457687 /* ArrayTableViewPopoverVC.m */; };
/* End PBXBuildFile section */

/* Begin PBXFileReference section */
		CEC249781719DDD3007C30AF /* MutableArrray.h */ = {isa = PBXFileReference; fileEncoding = 4; lastKnownFileType = sourcecode.c.h; path = MutableArrray.h; sourceTree = "<group>"; };
		CEC249791719DDD3007C30AF /* MutableArrray.m */ = {isa = PBXFileReference; fileEncoding = 4; lastKnownFileType = sourcecode.c.objc; path = MutableArrray.m; sourceTree = "<group>"; };
		EE1745071719F2A700813F5E /* fright-clean.png */ = {isa = PBXFileReference; lastKnownFileType = image.png; path = "fright-clean.png"; sourceTree = "<group>"; };
		EE1745081719F2A700813F5E /* fright-dirty.png */ = {isa = PBXFileReference; lastKnownFileType = image.png; path = "fright-dirty.png"; sourceTree = "<group>"; };
		EE17450A1719F2A700813F5E /* normal-clean.png */ = {isa = PBXFileReference; lastKnownFileType = image.png; path = "normal-clean.png"; sourceTree = "<group>"; };
		EE17450B1719F2A700813F5E /* normal-dirty.png */ = {isa = PBXFileReference; lastKnownFileType = image.png; path = "normal-dirty.png"; sourceTree = "<group>"; };
		EE17450C1719F2A700813F5E /* sad-dirty.png */ = {isa = PBXFileReference; lastKnownFileType = image.png; path = "sad-dirty.png"; sourceTree = "<group>"; };
		EE17450D1719F2A700813F5E /* sad.png */ = {isa = PBXFileReference; lastKnownFileType = image.png; path = sad.png; sourceTree = "<group>"; };
		EE17450E1719F2A700813F5E /* smile.png */ = {isa = PBXFileReference; lastKnownFileType = image.png; path = smile.png; sourceTree = "<group>"; };
		EE174518171A006F00813F5E /* bored.png */ = {isa = PBXFileReference; lastKnownFileType = image.png; path = bored.png; sourceTree = "<group>"; };
		EE174519171A006F00813F5E /* disgust.png */ = {isa = PBXFileReference; lastKnownFileType = image.png; path = disgust.png; sourceTree = "<group>"; };
		EE17451B171A006F00813F5E /* interested.png */ = {isa = PBXFileReference; lastKnownFileType = image.png; path = interested.png; sourceTree = "<group>"; };
		EE17451C171A006F00813F5E /* neutral.jpg */ = {isa = PBXFileReference; lastKnownFileType = image.jpeg; path = neutral.jpg; sourceTree = "<group>"; };
		EE17451D171A006F00813F5E /* surprise.png */ = {isa = PBXFileReference; lastKnownFileType = image.png; path = surprise.png; sourceTree = "<group>"; };
		EE17451E171A006F00813F5E /* test-oval.jpg */ = {isa = PBXFileReference; lastKnownFileType = image.jpeg; path = "test-oval.jpg"; sourceTree = "<group>"; };
		EEC3F3981719416D00457687 /* Autism Speaks.app */ = {isa = PBXFileReference; explicitFileType = wrapper.application; includeInIndex = 0; path = "Autism Speaks.app"; sourceTree = BUILT_PRODUCTS_DIR; };
		EEC3F39B1719416D00457687 /* UIKit.framework */ = {isa = PBXFileReference; lastKnownFileType = wrapper.framework; name = UIKit.framework; path = System/Library/Frameworks/UIKit.framework; sourceTree = SDKROOT; };
		EEC3F39D1719416D00457687 /* Foundation.framework */ = {isa = PBXFileReference; lastKnownFileType = wrapper.framework; name = Foundation.framework; path = System/Library/Frameworks/Foundation.framework; sourceTree = SDKROOT; };
		EEC3F39F1719416D00457687 /* CoreGraphics.framework */ = {isa = PBXFileReference; lastKnownFileType = wrapper.framework; name = CoreGraphics.framework; path = System/Library/Frameworks/CoreGraphics.framework; sourceTree = SDKROOT; };
		EEC3F3A31719416D00457687 /* Autism Speaks-Info.plist */ = {isa = PBXFileReference; lastKnownFileType = text.plist.xml; path = "Autism Speaks-Info.plist"; sourceTree = "<group>"; };
		EEC3F3A51719416D00457687 /* en */ = {isa = PBXFileReference; lastKnownFileType = text.plist.strings; name = en; path = en.lproj/InfoPlist.strings; sourceTree = "<group>"; };
		EEC3F3A71719416D00457687 /* main.m */ = {isa = PBXFileReference; lastKnownFileType = sourcecode.c.objc; path = main.m; sourceTree = "<group>"; };
		EEC3F3A91719416D00457687 /* Autism Speaks-Prefix.pch */ = {isa = PBXFileReference; lastKnownFileType = sourcecode.c.h; path = "Autism Speaks-Prefix.pch"; sourceTree = "<group>"; };
		EEC3F3AA1719416D00457687 /* AppDelegate.h */ = {isa = PBXFileReference; lastKnownFileType = sourcecode.c.h; path = AppDelegate.h; sourceTree = "<group>"; };
		EEC3F3AB1719416D00457687 /* AppDelegate.m */ = {isa = PBXFileReference; lastKnownFileType = sourcecode.c.objc; path = AppDelegate.m; sourceTree = "<group>"; };
		EEC3F3AD1719416D00457687 /* Default.png */ = {isa = PBXFileReference; lastKnownFileType = image.png; path = Default.png; sourceTree = "<group>"; };
		EEC3F3AF1719416D00457687 /* Default@2x.png */ = {isa = PBXFileReference; lastKnownFileType = image.png; path = "Default@2x.png"; sourceTree = "<group>"; };
		EEC3F3B11719416D00457687 /* Default-568h@2x.png */ = {isa = PBXFileReference; lastKnownFileType = image.png; path = "Default-568h@2x.png"; sourceTree = "<group>"; };
		EEC3F3B31719416D00457687 /* ViewController.h */ = {isa = PBXFileReference; lastKnownFileType = sourcecode.c.h; path = ViewController.h; sourceTree = "<group>"; };
		EEC3F3B41719416D00457687 /* ViewController.m */ = {isa = PBXFileReference; lastKnownFileType = sourcecode.c.objc; path = ViewController.m; sourceTree = "<group>"; };
		EEC3F3B71719416D00457687 /* en */ = {isa = PBXFileReference; lastKnownFileType = file.xib; name = en; path = en.lproj/ViewController.xib; sourceTree = "<group>"; };
		EEC3F3BE1719434F00457687 /* HomeVC.h */ = {isa = PBXFileReference; fileEncoding = 4; lastKnownFileType = sourcecode.c.h; path = HomeVC.h; sourceTree = "<group>"; };
		EEC3F3BF1719434F00457687 /* HomeVC.m */ = {isa = PBXFileReference; fileEncoding = 4; lastKnownFileType = sourcecode.c.objc; path = HomeVC.m; sourceTree = "<group>"; };
		EEC3F3C01719434F00457687 /* HomeVC.xib */ = {isa = PBXFileReference; fileEncoding = 4; lastKnownFileType = file.xib; path = HomeVC.xib; sourceTree = "<group>"; };
		EEC3F3C41719473200457687 /* home.jpg */ = {isa = PBXFileReference; lastKnownFileType = image.jpeg; path = home.jpg; sourceTree = "<group>"; };
		EEC3F3C61719474200457687 /* cafe.jpg */ = {isa = PBXFileReference; lastKnownFileType = image.jpeg; path = cafe.jpg; sourceTree = "<group>"; };
		EEC3F3C81719476900457687 /* CafeVC.h */ = {isa = PBXFileReference; fileEncoding = 4; lastKnownFileType = sourcecode.c.h; path = CafeVC.h; sourceTree = "<group>"; };
		EEC3F3C91719476900457687 /* CafeVC.m */ = {isa = PBXFileReference; fileEncoding = 4; lastKnownFileType = sourcecode.c.objc; path = CafeVC.m; sourceTree = "<group>"; };
		EEC3F3CA1719476900457687 /* CafeVC.xib */ = {isa = PBXFileReference; fileEncoding = 4; lastKnownFileType = file.xib; path = CafeVC.xib; sourceTree = "<group>"; };
		EEC3F3CD1719482900457687 /* BackgroundVC.h */ = {isa = PBXFileReference; fileEncoding = 4; lastKnownFileType = sourcecode.c.h; path = BackgroundVC.h; sourceTree = "<group>"; };
		EEC3F3CE1719482900457687 /* BackgroundVC.m */ = {isa = PBXFileReference; fileEncoding = 4; lastKnownFileType = sourcecode.c.objc; path = BackgroundVC.m; sourceTree = "<group>"; };
		EEC3F3CF1719482900457687 /* BackgroundVC.xib */ = {isa = PBXFileReference; fileEncoding = 4; lastKnownFileType = file.xib; path = BackgroundVC.xib; sourceTree = "<group>"; };
		EEC3F3D217195D5100457687 /* NSString+MD5.h */ = {isa = PBXFileReference; fileEncoding = 4; lastKnownFileType = sourcecode.c.h; path = "NSString+MD5.h"; sourceTree = "<group>"; };
		EEC3F3D317195D5200457687 /* NSString+MD5.m */ = {isa = PBXFileReference; fileEncoding = 4; lastKnownFileType = sourcecode.c.objc; path = "NSString+MD5.m"; sourceTree = "<group>"; };
		EEC3F3D417195D5300457687 /* PDFView.h */ = {isa = PBXFileReference; fileEncoding = 4; lastKnownFileType = sourcecode.c.h; path = PDFView.h; sourceTree = "<group>"; };
		EEC3F3D517195D5400457687 /* PDFView.m */ = {isa = PBXFileReference; fileEncoding = 4; lastKnownFileType = sourcecode.c.objc; path = PDFView.m; sourceTree = "<group>"; };
		EEC3F3D617195D5500457687 /* UIImage+PDF.h */ = {isa = PBXFileReference; fileEncoding = 4; lastKnownFileType = sourcecode.c.h; path = "UIImage+PDF.h"; sourceTree = "<group>"; };
		EEC3F3D717195D5600457687 /* UIImage+PDF.m */ = {isa = PBXFileReference; fileEncoding = 4; lastKnownFileType = sourcecode.c.objc; path = "UIImage+PDF.m"; sourceTree = "<group>"; };
		EEC3F3D817195D5600457687 /* UIView+Image.h */ = {isa = PBXFileReference; fileEncoding = 4; lastKnownFileType = sourcecode.c.h; path = "UIView+Image.h"; sourceTree = "<group>"; };
		EEC3F3D917195D5800457687 /* UIView+Image.m */ = {isa = PBXFileReference; fileEncoding = 4; lastKnownFileType = sourcecode.c.objc; path = "UIView+Image.m"; sourceTree = "<group>"; };
		EEC3F3E21719623900457687 /* Utilities.h */ = {isa = PBXFileReference; fileEncoding = 4; lastKnownFileType = sourcecode.c.h; path = Utilities.h; sourceTree = "<group>"; };
		EEC3F3E31719623900457687 /* Utilities.m */ = {isa = PBXFileReference; fileEncoding = 4; lastKnownFileType = sourcecode.c.objc; path = Utilities.m; sourceTree = "<group>"; };
		EEC3F3E51719625A00457687 /* AudioToolbox.framework */ = {isa = PBXFileReference; lastKnownFileType = wrapper.framework; name = AudioToolbox.framework; path = System/Library/Frameworks/AudioToolbox.framework; sourceTree = SDKROOT; };
		EEC3F3E81719639600457687 /* OhYeah.aiff */ = {isa = PBXFileReference; lastKnownFileType = audio.aiff; path = OhYeah.aiff; sourceTree = "<group>"; };
		EEC3F3EA1719695100457687 /* CharacterVC.h */ = {isa = PBXFileReference; fileEncoding = 4; lastKnownFileType = sourcecode.c.h; path = CharacterVC.h; sourceTree = "<group>"; };
		EEC3F3EB1719695200457687 /* CharacterVC.m */ = {isa = PBXFileReference; fileEncoding = 4; lastKnownFileType = sourcecode.c.objc; path = CharacterVC.m; sourceTree = "<group>"; };
		EEC3F3EC1719695200457687 /* CharacterVC.xib */ = {isa = PBXFileReference; fileEncoding = 4; lastKnownFileType = file.xib; path = CharacterVC.xib; sourceTree = "<group>"; };
		EEC3F3EF17196ABC00457687 /* disgust.png */ = {isa = PBXFileReference; lastKnownFileType = image.png; path = disgust.png; sourceTree = "<group>"; };
		EEC3F3F317196F6900457687 /* oval.jpg */ = {isa = PBXFileReference; lastKnownFileType = image.jpeg; path = oval.jpg; sourceTree = "<group>"; };
		EEC3F3F5171970BE00457687 /* dude.jpg */ = {isa = PBXFileReference; lastKnownFileType = image.jpeg; path = dude.jpg; sourceTree = "<group>"; };
		EEC3F3F71719DA3700457687 /* DialogueManager.h */ = {isa = PBXFileReference; fileEncoding = 4; lastKnownFileType = sourcecode.c.h; path = DialogueManager.h; sourceTree = "<group>"; };
		EEC3F3F81719DA3800457687 /* DialogueManager.m */ = {isa = PBXFileReference; fileEncoding = 4; lastKnownFileType = sourcecode.c.objc; path = DialogueManager.m; sourceTree = "<group>"; };
		EEC3F3FA1719E1D500457687 /* ArrayTableViewPopoverVC.h */ = {isa = PBXFileReference; fileEncoding = 4; lastKnownFileType = sourcecode.c.h; path = ArrayTableViewPopoverVC.h; sourceTree = "<group>"; };
		EEC3F3FB1719E1D600457687 /* ArrayTableViewPopoverVC.m */ = {isa = PBXFileReference; fileEncoding = 4; lastKnownFileType = sourcecode.c.objc; path = ArrayTableViewPopoverVC.m; sourceTree = "<group>"; };
/* End PBXFileReference section */

/* Begin PBXFrameworksBuildPhase section */
		EEC3F3951719416D00457687 /* Frameworks */ = {
			isa = PBXFrameworksBuildPhase;
			buildActionMask = 2147483647;
			files = (
				EEC3F3E61719625B00457687 /* AudioToolbox.framework in Frameworks */,
				EEC3F39C1719416D00457687 /* UIKit.framework in Frameworks */,
				EEC3F39E1719416D00457687 /* Foundation.framework in Frameworks */,
				EEC3F3A01719416D00457687 /* CoreGraphics.framework in Frameworks */,
			);
			runOnlyForDeploymentPostprocessing = 0;
		};
/* End PBXFrameworksBuildPhase section */

/* Begin PBXGroup section */
		EE1745061719F2A700813F5E /* Him_Sprites */ = {
			isa = PBXGroup;
			children = (
				EE1745071719F2A700813F5E /* fright-clean.png */,
				EE1745081719F2A700813F5E /* fright-dirty.png */,
				EE17450A1719F2A700813F5E /* normal-clean.png */,
				EE17450B1719F2A700813F5E /* normal-dirty.png */,
				EE17450C1719F2A700813F5E /* sad-dirty.png */,
				EE17450D1719F2A700813F5E /* sad.png */,
				EE17450E1719F2A700813F5E /* smile.png */,
			);
			path = Him_Sprites;
			sourceTree = "<group>";
		};
		EE174517171A006F00813F5E /* Her_Sprites */ = {
			isa = PBXGroup;
			children = (
				EE174518171A006F00813F5E /* bored.png */,
				EE174519171A006F00813F5E /* disgust.png */,
				EE17451B171A006F00813F5E /* interested.png */,
				EE17451C171A006F00813F5E /* neutral.jpg */,
				EE17451D171A006F00813F5E /* surprise.png */,
				EE17451E171A006F00813F5E /* test-oval.jpg */,
			);
			path = Her_Sprites;
			sourceTree = "<group>";
		};
		EEC3F38F1719416D00457687 = {
			isa = PBXGroup;
			children = (
				EEC3F3E51719625A00457687 /* AudioToolbox.framework */,
				EEC3F3A11719416D00457687 /* Autism Speaks */,
				EEC3F39A1719416D00457687 /* Frameworks */,
				EEC3F3991719416D00457687 /* Products */,
			);
			sourceTree = "<group>";
		};
		EEC3F3991719416D00457687 /* Products */ = {
			isa = PBXGroup;
			children = (
				EEC3F3981719416D00457687 /* Autism Speaks.app */,
			);
			name = Products;
			sourceTree = "<group>";
		};
		EEC3F39A1719416D00457687 /* Frameworks */ = {
			isa = PBXGroup;
			children = (
				EEC3F39B1719416D00457687 /* UIKit.framework */,
				EEC3F39D1719416D00457687 /* Foundation.framework */,
				EEC3F39F1719416D00457687 /* CoreGraphics.framework */,
			);
			name = Frameworks;
			sourceTree = "<group>";
		};
		EEC3F3A11719416D00457687 /* Autism Speaks */ = {
			isa = PBXGroup;
			children = (
				EEC3F3AA1719416D00457687 /* AppDelegate.h */,
				EEC3F3AB1719416D00457687 /* AppDelegate.m */,
				EEC3F3B31719416D00457687 /* ViewController.h */,
				EEC3F3B41719416D00457687 /* ViewController.m */,
				EEC3F3B61719416D00457687 /* ViewController.xib */,
				EEC3F3BE1719434F00457687 /* HomeVC.h */,
				EEC3F3BF1719434F00457687 /* HomeVC.m */,
				EEC3F3C01719434F00457687 /* HomeVC.xib */,
				CEC249781719DDD3007C30AF /* MutableArrray.h */,
				CEC249791719DDD3007C30AF /* MutableArrray.m */,
				EEC3F3C81719476900457687 /* CafeVC.h */,
				EEC3F3C91719476900457687 /* CafeVC.m */,
				EEC3F3CA1719476900457687 /* CafeVC.xib */,
				EEC3F3CD1719482900457687 /* BackgroundVC.h */,
				EEC3F3CE1719482900457687 /* BackgroundVC.m */,
				EEC3F3CF1719482900457687 /* BackgroundVC.xib */,
				EEC3F3EA1719695100457687 /* CharacterVC.h */,
				EEC3F3EB1719695200457687 /* CharacterVC.m */,
				EEC3F3EC1719695200457687 /* CharacterVC.xib */,
				EEC3F3F71719DA3700457687 /* DialogueManager.h */,
				EEC3F3F81719DA3800457687 /* DialogueManager.m */,
				EEC3F3FA1719E1D500457687 /* ArrayTableViewPopoverVC.h */,
				EEC3F3FB1719E1D600457687 /* ArrayTableViewPopoverVC.m */,
				EEC3F3DE17195D6300457687 /* UIImage+PDF */,
				EEC3F3A21719416D00457687 /* Supporting Files */,
				EEC3F3E21719623900457687 /* Utilities.h */,
				EEC3F3E31719623900457687 /* Utilities.m */,
			);
			path = "Autism Speaks";
			sourceTree = "<group>";
		};
		EEC3F3A21719416D00457687 /* Supporting Files */ = {
			isa = PBXGroup;
			children = (
				EEC3F3E71719637F00457687 /* sounds */,
				EEC3F3C3171946C300457687 /* images */,
				EEC3F3A31719416D00457687 /* Autism Speaks-Info.plist */,
				EEC3F3A41719416D00457687 /* InfoPlist.strings */,
				EEC3F3A71719416D00457687 /* main.m */,
				EEC3F3A91719416D00457687 /* Autism Speaks-Prefix.pch */,
				EEC3F3AD1719416D00457687 /* Default.png */,
				EEC3F3AF1719416D00457687 /* Default@2x.png */,
				EEC3F3B11719416D00457687 /* Default-568h@2x.png */,
			);
			name = "Supporting Files";
			sourceTree = "<group>";
		};
		EEC3F3C3171946C300457687 /* images */ = {
			isa = PBXGroup;
			children = (
				EE174517171A006F00813F5E /* Her_Sprites */,
				EE1745061719F2A700813F5E /* Him_Sprites */,
				EEC3F3F317196F6900457687 /* oval.jpg */,
				EEC3F3F5171970BE00457687 /* dude.jpg */,
				EEC3F3EF17196ABC00457687 /* disgust.png */,
				EEC3F3C41719473200457687 /* home.jpg */,
				EEC3F3C61719474200457687 /* cafe.jpg */,
			);
			name = images;
			sourceTree = "<group>";
		};
		EEC3F3DE17195D6300457687 /* UIImage+PDF */ = {
			isa = PBXGroup;
			children = (
				EEC3F3D217195D5100457687 /* NSString+MD5.h */,
				EEC3F3D317195D5200457687 /* NSString+MD5.m */,
				EEC3F3D417195D5300457687 /* PDFView.h */,
				EEC3F3D517195D5400457687 /* PDFView.m */,
				EEC3F3D617195D5500457687 /* UIImage+PDF.h */,
				EEC3F3D717195D5600457687 /* UIImage+PDF.m */,
				EEC3F3D817195D5600457687 /* UIView+Image.h */,
				EEC3F3D917195D5800457687 /* UIView+Image.m */,
			);
			name = "UIImage+PDF";
			sourceTree = "<group>";
		};
		EEC3F3E71719637F00457687 /* sounds */ = {
			isa = PBXGroup;
			children = (
				EEC3F3E81719639600457687 /* OhYeah.aiff */,
			);
			name = sounds;
			sourceTree = "<group>";
		};
/* End PBXGroup section */

/* Begin PBXNativeTarget section */
		EEC3F3971719416D00457687 /* Autism Speaks */ = {
			isa = PBXNativeTarget;
			buildConfigurationList = EEC3F3BB1719416D00457687 /* Build configuration list for PBXNativeTarget "Autism Speaks" */;
			buildPhases = (
				EEC3F3941719416D00457687 /* Sources */,
				EEC3F3951719416D00457687 /* Frameworks */,
				EEC3F3961719416D00457687 /* Resources */,
			);
			buildRules = (
			);
			dependencies = (
			);
			name = "Autism Speaks";
			productName = "Autism Speaks";
			productReference = EEC3F3981719416D00457687 /* Autism Speaks.app */;
			productType = "com.apple.product-type.application";
		};
/* End PBXNativeTarget section */

/* Begin PBXProject section */
		EEC3F3901719416D00457687 /* Project object */ = {
			isa = PBXProject;
			attributes = {
				LastUpgradeCheck = 0460;
				ORGANIZATIONNAME = "Motion Math";
			};
			buildConfigurationList = EEC3F3931719416D00457687 /* Build configuration list for PBXProject "Autism Speaks" */;
			compatibilityVersion = "Xcode 3.2";
			developmentRegion = English;
			hasScannedForEncodings = 0;
			knownRegions = (
				en,
			);
			mainGroup = EEC3F38F1719416D00457687;
			productRefGroup = EEC3F3991719416D00457687 /* Products */;
			projectDirPath = "";
			projectRoot = "";
			targets = (
				EEC3F3971719416D00457687 /* Autism Speaks */,
			);
		};
/* End PBXProject section */

/* Begin PBXResourcesBuildPhase section */
		EEC3F3961719416D00457687 /* Resources */ = {
			isa = PBXResourcesBuildPhase;
			buildActionMask = 2147483647;
			files = (
				EEC3F3A61719416D00457687 /* InfoPlist.strings in Resources */,
				EEC3F3AE1719416D00457687 /* Default.png in Resources */,
				EEC3F3B01719416D00457687 /* Default@2x.png in Resources */,
				EEC3F3B21719416D00457687 /* Default-568h@2x.png in Resources */,
				EEC3F3B81719416D00457687 /* ViewController.xib in Resources */,
				EEC3F3C21719434F00457687 /* HomeVC.xib in Resources */,
				EEC3F3C51719473200457687 /* home.jpg in Resources */,
				EEC3F3C71719474200457687 /* cafe.jpg in Resources */,
				EEC3F3CC1719476900457687 /* CafeVC.xib in Resources */,
				EEC3F3D11719482900457687 /* BackgroundVC.xib in Resources */,
				EEC3F3E91719639600457687 /* OhYeah.aiff in Resources */,
				EEC3F3EE1719695300457687 /* CharacterVC.xib in Resources */,
				EEC3F3F017196ABC00457687 /* disgust.png in Resources */,
				EEC3F3F417196F6900457687 /* oval.jpg in Resources */,
				EEC3F3F6171970BE00457687 /* dude.jpg in Resources */,
				EE17450F1719F2A700813F5E /* fright-clean.png in Resources */,
				EE1745101719F2A700813F5E /* fright-dirty.png in Resources */,
				EE1745121719F2A700813F5E /* normal-clean.png in Resources */,
				EE1745131719F2A700813F5E /* normal-dirty.png in Resources */,
				EE1745141719F2A700813F5E /* sad-dirty.png in Resources */,
				EE1745151719F2A700813F5E /* sad.png in Resources */,
				EE1745161719F2A700813F5E /* smile.png in Resources */,
				EE17451F171A006F00813F5E /* bored.png in Resources */,
				EE174520171A006F00813F5E /* disgust.png in Resources */,
				EE174522171A006F00813F5E /* interested.png in Resources */,
				EE174523171A006F00813F5E /* neutral.jpg in Resources */,
				EE174524171A006F00813F5E /* surprise.png in Resources */,
				EE174525171A006F00813F5E /* test-oval.jpg in Resources */,
			);
			runOnlyForDeploymentPostprocessing = 0;
		};
/* End PBXResourcesBuildPhase section */

/* Begin PBXSourcesBuildPhase section */
		EEC3F3941719416D00457687 /* Sources */ = {
			isa = PBXSourcesBuildPhase;
			buildActionMask = 2147483647;
			files = (
				EEC3F3A81719416D00457687 /* main.m in Sources */,
				EEC3F3AC1719416D00457687 /* AppDelegate.m in Sources */,
				EEC3F3B51719416D00457687 /* ViewController.m in Sources */,
				EEC3F3C11719434F00457687 /* HomeVC.m in Sources */,
				EEC3F3CB1719476900457687 /* CafeVC.m in Sources */,
				EEC3F3D01719482900457687 /* BackgroundVC.m in Sources */,
				EEC3F3DA17195D5900457687 /* NSString+MD5.m in Sources */,
				EEC3F3DB17195D5900457687 /* PDFView.m in Sources */,
				EEC3F3DC17195D5900457687 /* UIImage+PDF.m in Sources */,
				EEC3F3DD17195D5900457687 /* UIView+Image.m in Sources */,
				EEC3F3E41719623900457687 /* Utilities.m in Sources */,
				EEC3F3ED1719695300457687 /* CharacterVC.m in Sources */,
				EEC3F3F91719DA3900457687 /* DialogueManager.m in Sources */,
				EEC3F3FC1719E1D700457687 /* ArrayTableViewPopoverVC.m in Sources */,
				CEC2497A1719DDD3007C30AF /* MutableArrray.m in Sources */,
			);
			runOnlyForDeploymentPostprocessing = 0;
		};
/* End PBXSourcesBuildPhase section */

/* Begin PBXVariantGroup section */
		EEC3F3A41719416D00457687 /* InfoPlist.strings */ = {
			isa = PBXVariantGroup;
			children = (
				EEC3F3A51719416D00457687 /* en */,
			);
			name = InfoPlist.strings;
			sourceTree = "<group>";
		};
		EEC3F3B61719416D00457687 /* ViewController.xib */ = {
			isa = PBXVariantGroup;
			children = (
				EEC3F3B71719416D00457687 /* en */,
			);
			name = ViewController.xib;
			sourceTree = "<group>";
		};
/* End PBXVariantGroup section */

/* Begin XCBuildConfiguration section */
		EEC3F3B91719416D00457687 /* Debug */ = {
			isa = XCBuildConfiguration;
			buildSettings = {
				ALWAYS_SEARCH_USER_PATHS = NO;
				CLANG_CXX_LANGUAGE_STANDARD = "gnu++0x";
				CLANG_CXX_LIBRARY = "libc++";
				CLANG_ENABLE_OBJC_ARC = YES;
				CLANG_WARN_CONSTANT_CONVERSION = YES;
				CLANG_WARN_EMPTY_BODY = YES;
				CLANG_WARN_ENUM_CONVERSION = YES;
				CLANG_WARN_INT_CONVERSION = YES;
				CLANG_WARN__DUPLICATE_METHOD_MATCH = YES;
				"CODE_SIGN_IDENTITY[sdk=iphoneos*]" = "iPhone Developer";
				COPY_PHASE_STRIP = NO;
				GCC_C_LANGUAGE_STANDARD = gnu99;
				GCC_DYNAMIC_NO_PIC = NO;
				GCC_OPTIMIZATION_LEVEL = 0;
				GCC_PREPROCESSOR_DEFINITIONS = (
					"DEBUG=1",
					"$(inherited)",
				);
				GCC_SYMBOLS_PRIVATE_EXTERN = NO;
				GCC_WARN_ABOUT_RETURN_TYPE = YES;
				GCC_WARN_UNINITIALIZED_AUTOS = YES;
				GCC_WARN_UNUSED_VARIABLE = YES;
				IPHONEOS_DEPLOYMENT_TARGET = 6.1;
				ONLY_ACTIVE_ARCH = YES;
				SDKROOT = iphoneos;
				TARGETED_DEVICE_FAMILY = 2;
			};
			name = Debug;
		};
		EEC3F3BA1719416D00457687 /* Release */ = {
			isa = XCBuildConfiguration;
			buildSettings = {
				ALWAYS_SEARCH_USER_PATHS = NO;
				CLANG_CXX_LANGUAGE_STANDARD = "gnu++0x";
				CLANG_CXX_LIBRARY = "libc++";
				CLANG_ENABLE_OBJC_ARC = YES;
				CLANG_WARN_CONSTANT_CONVERSION = YES;
				CLANG_WARN_EMPTY_BODY = YES;
				CLANG_WARN_ENUM_CONVERSION = YES;
				CLANG_WARN_INT_CONVERSION = YES;
				CLANG_WARN__DUPLICATE_METHOD_MATCH = YES;
				"CODE_SIGN_IDENTITY[sdk=iphoneos*]" = "iPhone Developer";
				COPY_PHASE_STRIP = YES;
				GCC_C_LANGUAGE_STANDARD = gnu99;
				GCC_WARN_ABOUT_RETURN_TYPE = YES;
				GCC_WARN_UNINITIALIZED_AUTOS = YES;
				GCC_WARN_UNUSED_VARIABLE = YES;
				IPHONEOS_DEPLOYMENT_TARGET = 6.1;
				OTHER_CFLAGS = "-DNS_BLOCK_ASSERTIONS=1";
				SDKROOT = iphoneos;
				TARGETED_DEVICE_FAMILY = 2;
				VALIDATE_PRODUCT = YES;
			};
			name = Release;
		};
		EEC3F3BC1719416D00457687 /* Debug */ = {
			isa = XCBuildConfiguration;
			buildSettings = {
				GCC_PRECOMPILE_PREFIX_HEADER = YES;
				GCC_PREFIX_HEADER = "Autism Speaks/Autism Speaks-Prefix.pch";
				INFOPLIST_FILE = "Autism Speaks/Autism Speaks-Info.plist";
				PRODUCT_NAME = "$(TARGET_NAME)";
				WRAPPER_EXTENSION = app;
			};
			name = Debug;
		};
		EEC3F3BD1719416D00457687 /* Release */ = {
			isa = XCBuildConfiguration;
			buildSettings = {
				GCC_PRECOMPILE_PREFIX_HEADER = YES;
				GCC_PREFIX_HEADER = "Autism Speaks/Autism Speaks-Prefix.pch";
				INFOPLIST_FILE = "Autism Speaks/Autism Speaks-Info.plist";
				PRODUCT_NAME = "$(TARGET_NAME)";
				WRAPPER_EXTENSION = app;
			};
			name = Release;
		};
/* End XCBuildConfiguration section */

/* Begin XCConfigurationList section */
		EEC3F3931719416D00457687 /* Build configuration list for PBXProject "Autism Speaks" */ = {
			isa = XCConfigurationList;
			buildConfigurations = (
				EEC3F3B91719416D00457687 /* Debug */,
				EEC3F3BA1719416D00457687 /* Release */,
			);
			defaultConfigurationIsVisible = 0;
			defaultConfigurationName = Release;
		};
		EEC3F3BB1719416D00457687 /* Build configuration list for PBXNativeTarget "Autism Speaks" */ = {
			isa = XCConfigurationList;
			buildConfigurations = (
				EEC3F3BC1719416D00457687 /* Debug */,
				EEC3F3BD1719416D00457687 /* Release */,
			);
			defaultConfigurationIsVisible = 0;
			defaultConfigurationName = Release;
		};
/* End XCConfigurationList section */
	};
	rootObject = EEC3F3901719416D00457687 /* Project object */;
}
